// !$*UTF8*$!
{
	archiveVersion = 1;
	classes = {
	};
	objectVersion = 48;
	objects = {

/* Begin PBXBuildFile section */
		FD95D3B0201BF28200F584F1 /* AppDelegate.swift in Sources */ = {isa = PBXBuildFile; fileRef = FD95D3AF201BF28200F584F1 /* AppDelegate.swift */; };
		FD95D3B5201BF28200F584F1 /* Main.storyboard in Resources */ = {isa = PBXBuildFile; fileRef = FD95D3B3201BF28200F584F1 /* Main.storyboard */; };
		FD95D3B8201BF28200F584F1 /* MyFirstNote.xcdatamodeld in Sources */ = {isa = PBXBuildFile; fileRef = FD95D3B6201BF28200F584F1 /* MyFirstNote.xcdatamodeld */; };
		FD95D3BA201BF28200F584F1 /* Assets.xcassets in Resources */ = {isa = PBXBuildFile; fileRef = FD95D3B9201BF28200F584F1 /* Assets.xcassets */; };
		FD95D3BD201BF28200F584F1 /* LaunchScreen.storyboard in Resources */ = {isa = PBXBuildFile; fileRef = FD95D3BB201BF28200F584F1 /* LaunchScreen.storyboard */; };
		FD95D3C9201BF9E800F584F1 /* UIColor.swift in Sources */ = {isa = PBXBuildFile; fileRef = FD95D3C8201BF9E800F584F1 /* UIColor.swift */; };
		FD95D3CB201BFE3E00F584F1 /* NotesViewCotroller.swift in Sources */ = {isa = PBXBuildFile; fileRef = FD95D3CA201BFE3E00F584F1 /* NotesViewCotroller.swift */; };
		FD95D3CD201BFEB600F584F1 /* FoldersViewController.swift in Sources */ = {isa = PBXBuildFile; fileRef = FD95D3CC201BFEB600F584F1 /* FoldersViewController.swift */; };
		FD95D3CF201BFF5500F584F1 /* NoteDetails.swift in Sources */ = {isa = PBXBuildFile; fileRef = FD95D3CE201BFF5500F584F1 /* NoteDetails.swift */; };
/* End PBXBuildFile section */

/* Begin PBXFileReference section */
		FD95D3AC201BF28200F584F1 /* MyFirstNote.app */ = {isa = PBXFileReference; explicitFileType = wrapper.application; includeInIndex = 0; path = MyFirstNote.app; sourceTree = BUILT_PRODUCTS_DIR; };
		FD95D3AF201BF28200F584F1 /* AppDelegate.swift */ = {isa = PBXFileReference; lastKnownFileType = sourcecode.swift; path = AppDelegate.swift; sourceTree = "<group>"; };
		FD95D3B4201BF28200F584F1 /* Base */ = {isa = PBXFileReference; lastKnownFileType = file.storyboard; name = Base; path = Base.lproj/Main.storyboard; sourceTree = "<group>"; };
		FD95D3B7201BF28200F584F1 /* MyFirstNote.xcdatamodel */ = {isa = PBXFileReference; lastKnownFileType = wrapper.xcdatamodel; path = MyFirstNote.xcdatamodel; sourceTree = "<group>"; };
		FD95D3B9201BF28200F584F1 /* Assets.xcassets */ = {isa = PBXFileReference; lastKnownFileType = folder.assetcatalog; path = Assets.xcassets; sourceTree = "<group>"; };
		FD95D3BC201BF28200F584F1 /* Base */ = {isa = PBXFileReference; lastKnownFileType = file.storyboard; name = Base; path = Base.lproj/LaunchScreen.storyboard; sourceTree = "<group>"; };
		FD95D3BE201BF28200F584F1 /* Info.plist */ = {isa = PBXFileReference; lastKnownFileType = text.plist.xml; path = Info.plist; sourceTree = "<group>"; };
		FD95D3C8201BF9E800F584F1 /* UIColor.swift */ = {isa = PBXFileReference; lastKnownFileType = sourcecode.swift; path = UIColor.swift; sourceTree = "<group>"; };
		FD95D3CA201BFE3E00F584F1 /* NotesViewCotroller.swift */ = {isa = PBXFileReference; lastKnownFileType = sourcecode.swift; path = NotesViewCotroller.swift; sourceTree = "<group>"; };
		FD95D3CC201BFEB600F584F1 /* FoldersViewController.swift */ = {isa = PBXFileReference; lastKnownFileType = sourcecode.swift; path = FoldersViewController.swift; sourceTree = "<group>"; };
		FD95D3CE201BFF5500F584F1 /* NoteDetails.swift */ = {isa = PBXFileReference; lastKnownFileType = sourcecode.swift; path = NoteDetails.swift; sourceTree = "<group>"; };
/* End PBXFileReference section */

/* Begin PBXFrameworksBuildPhase section */
		FD95D3A9201BF28200F584F1 /* Frameworks */ = {
			isa = PBXFrameworksBuildPhase;
			buildActionMask = 2147483647;
			files = (
			);
			runOnlyForDeploymentPostprocessing = 0;
		};
/* End PBXFrameworksBuildPhase section */

/* Begin PBXGroup section */
		FD95D3A3201BF28200F584F1 = {
			isa = PBXGroup;
			children = (
				FD95D3AE201BF28200F584F1 /* MyFirstNote */,
				FD95D3AD201BF28200F584F1 /* Products */,
			);
			sourceTree = "<group>";
		};
		FD95D3AD201BF28200F584F1 /* Products */ = {
			isa = PBXGroup;
			children = (
				FD95D3AC201BF28200F584F1 /* MyFirstNote.app */,
			);
			name = Products;
			sourceTree = "<group>";
		};
		FD95D3AE201BF28200F584F1 /* MyFirstNote */ = {
			isa = PBXGroup;
			children = (
				FD95D3AF201BF28200F584F1 /* AppDelegate.swift */,
				FD95D3C7201BF2C600F584F1 /* Views */,
				FD95D3C4201BF28700F584F1 /* Data Model */,
				FD95D3C6201BF2AB00F584F1 /* Controllers */,
				FD95D3C5201BF2A100F584F1 /* Support Files */,
				FD95D3BE201BF28200F584F1 /* Info.plist */,
			);
			path = MyFirstNote;
			sourceTree = "<group>";
		};
		FD95D3C4201BF28700F584F1 /* Data Model */ = {
			isa = PBXGroup;
			children = (
				FD95D3B6201BF28200F584F1 /* MyFirstNote.xcdatamodeld */,
			);
			path = "Data Model";
			sourceTree = "<group>";
		};
		FD95D3C5201BF2A100F584F1 /* Support Files */ = {
			isa = PBXGroup;
			children = (
				FD95D3B9201BF28200F584F1 /* Assets.xcassets */,
				FD95D3BB201BF28200F584F1 /* LaunchScreen.storyboard */,
				FD95D3C8201BF9E800F584F1 /* UIColor.swift */,
			);
			path = "Support Files";
			sourceTree = "<group>";
		};
		FD95D3C6201BF2AB00F584F1 /* Controllers */ = {
			isa = PBXGroup;
			children = (
				FD95D3CC201BFEB600F584F1 /* FoldersViewController.swift */,
				FD95D3CA201BFE3E00F584F1 /* NotesViewCotroller.swift */,
				FD95D3CE201BFF5500F584F1 /* NoteDetails.swift */,
			);
			path = Controllers;
			sourceTree = "<group>";
		};
		FD95D3C7201BF2C600F584F1 /* Views */ = {
			isa = PBXGroup;
			children = (
				FD95D3B3201BF28200F584F1 /* Main.storyboard */,
			);
			path = Views;
			sourceTree = "<group>";
		};
/* End PBXGroup section */

/* Begin PBXNativeTarget section */
		FD95D3AB201BF28200F584F1 /* MyFirstNote */ = {
			isa = PBXNativeTarget;
			buildConfigurationList = FD95D3C1201BF28200F584F1 /* Build configuration list for PBXNativeTarget "MyFirstNote" */;
			buildPhases = (
				FD95D3A8201BF28200F584F1 /* Sources */,
				FD95D3A9201BF28200F584F1 /* Frameworks */,
				FD95D3AA201BF28200F584F1 /* Resources */,
			);
			buildRules = (
			);
			dependencies = (
			);
			name = MyFirstNote;
			productName = MyFirstNote;
			productReference = FD95D3AC201BF28200F584F1 /* MyFirstNote.app */;
			productType = "com.apple.product-type.application";
		};
/* End PBXNativeTarget section */

/* Begin PBXProject section */
		FD95D3A4201BF28200F584F1 /* Project object */ = {
			isa = PBXProject;
			attributes = {
				LastSwiftUpdateCheck = 0910;
				LastUpgradeCheck = 0910;
				ORGANIZATIONNAME = AmaWay;
				TargetAttributes = {
					FD95D3AB201BF28200F584F1 = {
						CreatedOnToolsVersion = 9.1;
						ProvisioningStyle = Automatic;
					};
				};
			};
			buildConfigurationList = FD95D3A7201BF28200F584F1 /* Build configuration list for PBXProject "MyFirstNote" */;
			compatibilityVersion = "Xcode 8.0";
			developmentRegion = en;
			hasScannedForEncodings = 0;
			knownRegions = (
				en,
				Base,
			);
			mainGroup = FD95D3A3201BF28200F584F1;
			productRefGroup = FD95D3AD201BF28200F584F1 /* Products */;
			projectDirPath = "";
			projectRoot = "";
			targets = (
				FD95D3AB201BF28200F584F1 /* MyFirstNote */,
			);
		};
/* End PBXProject section */

/* Begin PBXResourcesBuildPhase section */
		FD95D3AA201BF28200F584F1 /* Resources */ = {
			isa = PBXResourcesBuildPhase;
			buildActionMask = 2147483647;
			files = (
				FD95D3BD201BF28200F584F1 /* LaunchScreen.storyboard in Resources */,
				FD95D3BA201BF28200F584F1 /* Assets.xcassets in Resources */,
				FD95D3B5201BF28200F584F1 /* Main.storyboard in Resources */,
			);
			runOnlyForDeploymentPostprocessing = 0;
		};
/* End PBXResourcesBuildPhase section */

/* Begin PBXSourcesBuildPhase section */
		FD95D3A8201BF28200F584F1 /* Sources */ = {
			isa = PBXSourcesBuildPhase;
			buildActionMask = 2147483647;
			files = (
				FD95D3CD201BFEB600F584F1 /* FoldersViewController.swift in Sources */,
				FD95D3C9201BF9E800F584F1 /* UIColor.swift in Sources */,
				FD95D3B0201BF28200F584F1 /* AppDelegate.swift in Sources */,
				FD95D3CB201BFE3E00F584F1 /* NotesViewCotroller.swift in Sources */,
				FD95D3CF201BFF5500F584F1 /* NoteDetails.swift in Sources */,
				FD95D3B8201BF28200F584F1 /* MyFirstNote.xcdatamodeld in Sources */,
			);
			runOnlyForDeploymentPostprocessing = 0;
		};
/* End PBXSourcesBuildPhase section */

/* Begin PBXVariantGroup section */
		FD95D3B3201BF28200F584F1 /* Main.storyboard */ = {
			isa = PBXVariantGroup;
			children = (
				FD95D3B4201BF28200F584F1 /* Base */,
			);
			name = Main.storyboard;
			sourceTree = "<group>";
		};
		FD95D3BB201BF28200F584F1 /* LaunchScreen.storyboard */ = {
			isa = PBXVariantGroup;
			children = (
				FD95D3BC201BF28200F584F1 /* Base */,
			);
			name = LaunchScreen.storyboard;
			sourceTree = "<group>";
		};
/* End PBXVariantGroup section */

/* Begin XCBuildConfiguration section */
		FD95D3BF201BF28200F584F1 /* Debug */ = {
			isa = XCBuildConfiguration;
			buildSettings = {
				ALWAYS_SEARCH_USER_PATHS = NO;
				CLANG_ANALYZER_NONNULL = YES;
				CLANG_ANALYZER_NUMBER_OBJECT_CONVERSION = YES_AGGRESSIVE;
				CLANG_CXX_LANGUAGE_STANDARD = "gnu++14";
				CLANG_CXX_LIBRARY = "libc++";
				CLANG_ENABLE_MODULES = YES;
				CLANG_ENABLE_OBJC_ARC = YES;
				CLANG_WARN_BLOCK_CAPTURE_AUTORELEASING = YES;
				CLANG_WARN_BOOL_CONVERSION = YES;
				CLANG_WARN_COMMA = YES;
				CLANG_WARN_CONSTANT_CONVERSION = YES;
				CLANG_WARN_DIRECT_OBJC_ISA_USAGE = YES_ERROR;
				CLANG_WARN_DOCUMENTATION_COMMENTS = YES;
				CLANG_WARN_EMPTY_BODY = YES;
				CLANG_WARN_ENUM_CONVERSION = YES;
				CLANG_WARN_INFINITE_RECURSION = YES;
				CLANG_WARN_INT_CONVERSION = YES;
				CLANG_WARN_NON_LITERAL_NULL_CONVERSION = YES;
				CLANG_WARN_OBJC_LITERAL_CONVERSION = YES;
				CLANG_WARN_OBJC_ROOT_CLASS = YES_ERROR;
				CLANG_WARN_RANGE_LOOP_ANALYSIS = YES;
				CLANG_WARN_STRICT_PROTOTYPES = YES;
				CLANG_WARN_SUSPICIOUS_MOVE = YES;
				CLANG_WARN_UNGUARDED_AVAILABILITY = YES_AGGRESSIVE;
				CLANG_WARN_UNREACHABLE_CODE = YES;
				CLANG_WARN__DUPLICATE_METHOD_MATCH = YES;
				CODE_SIGN_IDENTITY = "iPhone Developer";
				COPY_PHASE_STRIP = NO;
				DEBUG_INFORMATION_FORMAT = dwarf;
				ENABLE_STRICT_OBJC_MSGSEND = YES;
				ENABLE_TESTABILITY = YES;
				GCC_C_LANGUAGE_STANDARD = gnu11;
				GCC_DYNAMIC_NO_PIC = NO;
				GCC_NO_COMMON_BLOCKS = YES;
				GCC_OPTIMIZATION_LEVEL = 0;
				GCC_PREPROCESSOR_DEFINITIONS = (
					"DEBUG=1",
					"$(inherited)",
				);
				GCC_WARN_64_TO_32_BIT_CONVERSION = YES;
				GCC_WARN_ABOUT_RETURN_TYPE = YES_ERROR;
				GCC_WARN_UNDECLARED_SELECTOR = YES;
				GCC_WARN_UNINITIALIZED_AUTOS = YES_AGGRESSIVE;
				GCC_WARN_UNUSED_FUNCTION = YES;
				GCC_WARN_UNUSED_VARIABLE = YES;
				IPHONEOS_DEPLOYMENT_TARGET = 11.1;
				MTL_ENABLE_DEBUG_INFO = YES;
				ONLY_ACTIVE_ARCH = YES;
				SDKROOT = iphoneos;
				SWIFT_ACTIVE_COMPILATION_CONDITIONS = DEBUG;
				SWIFT_OPTIMIZATION_LEVEL = "-Onone";
			};
			name = Debug;
		};
		FD95D3C0201BF28200F584F1 /* Release */ = {
			isa = XCBuildConfiguration;
			buildSettings = {
				ALWAYS_SEARCH_USER_PATHS = NO;
				CLANG_ANALYZER_NONNULL = YES;
				CLANG_ANALYZER_NUMBER_OBJECT_CONVERSION = YES_AGGRESSIVE;
				CLANG_CXX_LANGUAGE_STANDARD = "gnu++14";
				CLANG_CXX_LIBRARY = "libc++";
				CLANG_ENABLE_MODULES = YES;
				CLANG_ENABLE_OBJC_ARC = YES;
				CLANG_WARN_BLOCK_CAPTURE_AUTORELEASING = YES;
				CLANG_WARN_BOOL_CONVERSION = YES;
				CLANG_WARN_COMMA = YES;
				CLANG_WARN_CONSTANT_CONVERSION = YES;
				CLANG_WARN_DIRECT_OBJC_ISA_USAGE = YES_ERROR;
				CLANG_WARN_DOCUMENTATION_COMMENTS = YES;
				CLANG_WARN_EMPTY_BODY = YES;
				CLANG_WARN_ENUM_CONVERSION = YES;
				CLANG_WARN_INFINITE_RECURSION = YES;
				CLANG_WARN_INT_CONVERSION = YES;
				CLANG_WARN_NON_LITERAL_NULL_CONVERSION = YES;
				CLANG_WARN_OBJC_LITERAL_CONVERSION = YES;
				CLANG_WARN_OBJC_ROOT_CLASS = YES_ERROR;
				CLANG_WARN_RANGE_LOOP_ANALYSIS = YES;
				CLANG_WARN_STRICT_PROTOTYPES = YES;
				CLANG_WARN_SUSPICIOUS_MOVE = YES;
				CLANG_WARN_UNGUARDED_AVAILABILITY = YES_AGGRESSIVE;
				CLANG_WARN_UNREACHABLE_CODE = YES;
				CLANG_WARN__DUPLICATE_METHOD_MATCH = YES;
				CODE_SIGN_IDENTITY = "iPhone Developer";
				COPY_PHASE_STRIP = NO;
				DEBUG_INFORMATION_FORMAT = "dwarf-with-dsym";
				ENABLE_NS_ASSERTIONS = NO;
				ENABLE_STRICT_OBJC_MSGSEND = YES;
				GCC_C_LANGUAGE_STANDARD = gnu11;
				GCC_NO_COMMON_BLOCKS = YES;
				GCC_WARN_64_TO_32_BIT_CONVERSION = YES;
				GCC_WARN_ABOUT_RETURN_TYPE = YES_ERROR;
				GCC_WARN_UNDECLARED_SELECTOR = YES;
				GCC_WARN_UNINITIALIZED_AUTOS = YES_AGGRESSIVE;
				GCC_WARN_UNUSED_FUNCTION = YES;
				GCC_WARN_UNUSED_VARIABLE = YES;
				IPHONEOS_DEPLOYMENT_TARGET = 11.1;
				MTL_ENABLE_DEBUG_INFO = NO;
				SDKROOT = iphoneos;
				SWIFT_OPTIMIZATION_LEVEL = "-Owholemodule";
				VALIDATE_PRODUCT = YES;
			};
			name = Release;
		};
		FD95D3C2201BF28200F584F1 /* Debug */ = {
			isa = XCBuildConfiguration;
			buildSettings = {
				ASSETCATALOG_COMPILER_APPICON_NAME = AppIcon;
				CODE_SIGN_STYLE = Automatic;
				DEVELOPMENT_TEAM = YFU9N8R44W;
				INFOPLIST_FILE = MyFirstNote/Info.plist;
				LD_RUNPATH_SEARCH_PATHS = "$(inherited) @executable_path/Frameworks";
				PRODUCT_BUNDLE_IDENTIFIER = uk.AmaWay.MyFirstNote;
				PRODUCT_NAME = "$(TARGET_NAME)";
				SWIFT_VERSION = 4.0;
				TARGETED_DEVICE_FAMILY = "1,2";
			};
			name = Debug;
		};
		FD95D3C3201BF28200F584F1 /* Release */ = {
			isa = XCBuildConfiguration;
			buildSettings = {
				ASSETCATALOG_COMPILER_APPICON_NAME = AppIcon;
				CODE_SIGN_STYLE = Automatic;
				DEVELOPMENT_TEAM = YFU9N8R44W;
				INFOPLIST_FILE = MyFirstNote/Info.plist;
				LD_RUNPATH_SEARCH_PATHS = "$(inherited) @executable_path/Frameworks";
				PRODUCT_BUNDLE_IDENTIFIER = uk.AmaWay.MyFirstNote;
				PRODUCT_NAME = "$(TARGET_NAME)";
				SWIFT_VERSION = 4.0;
				TARGETED_DEVICE_FAMILY = "1,2";
			};
			name = Release;
		};
/* End XCBuildConfiguration section */

/* Begin XCConfigurationList section */
		FD95D3A7201BF28200F584F1 /* Build configuration list for PBXProject "MyFirstNote" */ = {
			isa = XCConfigurationList;
			buildConfigurations = (
				FD95D3BF201BF28200F584F1 /* Debug */,
				FD95D3C0201BF28200F584F1 /* Release */,
			);
			defaultConfigurationIsVisible = 0;
			defaultConfigurationName = Release;
		};
		FD95D3C1201BF28200F584F1 /* Build configuration list for PBXNativeTarget "MyFirstNote" */ = {
			isa = XCConfigurationList;
			buildConfigurations = (
				FD95D3C2201BF28200F584F1 /* Debug */,
				FD95D3C3201BF28200F584F1 /* Release */,
			);
			defaultConfigurationIsVisible = 0;
			defaultConfigurationName = Release;
		};
/* End XCConfigurationList section */

/* Begin XCVersionGroup section */
		FD95D3B6201BF28200F584F1 /* MyFirstNote.xcdatamodeld */ = {
			isa = XCVersionGroup;
			children = (
				FD95D3B7201BF28200F584F1 /* MyFirstNote.xcdatamodel */,
			);
			currentVersion = FD95D3B7201BF28200F584F1 /* MyFirstNote.xcdatamodel */;
			path = MyFirstNote.xcdatamodeld;
			sourceTree = "<group>";
			versionGroupType = wrapper.xcdatamodel;
		};
/* End XCVersionGroup section */
	};
	rootObject = FD95D3A4201BF28200F584F1 /* Project object */;
}
